
Microsoft Visual Studio Solution File, Format Version 12.00
# Visual Studio 15
VisualStudioVersion = 15.0.27428.2037
MinimumVisualStudioVersion = 10.0.40219.1
Project("{FAE04EC0-301F-11D3-BF4B-00C04F79EFBC}") = "TFPackageManager", "TFPackageManager\TFPackageManager.csproj", "{A6BD8DF5-BAE1-4549-9689-69F815F21920}"
EndProject
Project("{FAE04EC0-301F-11D3-BF4B-00C04F79EFBC}") = "TFlex.PackageManager.UI", "TFlex.PackageManager.UI\TFlex.PackageManager.UI.csproj", "{3C1ADB5C-B793-453C-8017-8AECCB374556}"
EndProject
Project("{FAE04EC0-301F-11D3-BF4B-00C04F79EFBC}") = "TFlex.PackageManager.Plugin", "TFlex.PackageManager.Plugin\TFlex.PackageManager.Plugin.csproj", "{9130A32B-CC1B-44D2-BD8B-D4F4784F6B28}"
EndProject
Global
	GlobalSection(SolutionConfigurationPlatforms) = preSolution
		Debug|Any CPU = Debug|Any CPU
		Debug|x64 = Debug|x64
		Release|Any CPU = Release|Any CPU
		Release|x64 = Release|x64
	EndGlobalSection
	GlobalSection(ProjectConfigurationPlatforms) = postSolution
		{A6BD8DF5-BAE1-4549-9689-69F815F21920}.Debug|Any CPU.ActiveCfg = Debug|Any CPU
		{A6BD8DF5-BAE1-4549-9689-69F815F21920}.Debug|Any CPU.Build.0 = Debug|Any CPU
		{A6BD8DF5-BAE1-4549-9689-69F815F21920}.Debug|x64.ActiveCfg = Debug|x64
		{A6BD8DF5-BAE1-4549-9689-69F815F21920}.Debug|x64.Build.0 = Debug|x64
		{A6BD8DF5-BAE1-4549-9689-69F815F21920}.Release|Any CPU.ActiveCfg = Release|Any CPU
		{A6BD8DF5-BAE1-4549-9689-69F815F21920}.Release|Any CPU.Build.0 = Release|Any CPU
		{A6BD8DF5-BAE1-4549-9689-69F815F21920}.Release|x64.ActiveCfg = Release|x64
		{A6BD8DF5-BAE1-4549-9689-69F815F21920}.Release|x64.Build.0 = Release|x64
		{3C1ADB5C-B793-453C-8017-8AECCB374556}.Debug|Any CPU.ActiveCfg = Debug|Any CPU
		{3C1ADB5C-B793-453C-8017-8AECCB374556}.Debug|Any CPU.Build.0 = Debug|Any CPU
		{3C1ADB5C-B793-453C-8017-8AECCB374556}.Debug|x64.ActiveCfg = Debug|x64
		{3C1ADB5C-B793-453C-8017-8AECCB374556}.Debug|x64.Build.0 = Debug|x64
		{3C1ADB5C-B793-453C-8017-8AECCB374556}.Release|Any CPU.ActiveCfg = Release|Any CPU
		{3C1ADB5C-B793-453C-8017-8AECCB374556}.Release|Any CPU.Build.0 = Release|Any CPU
		{3C1ADB5C-B793-453C-8017-8AECCB374556}.Release|x64.ActiveCfg = Release|x64
		{3C1ADB5C-B793-453C-8017-8AECCB374556}.Release|x64.Build.0 = Release|x64
		{9130A32B-CC1B-44D2-BD8B-D4F4784F6B28}.Debug|Any CPU.ActiveCfg = Debug|Any CPU
		{9130A32B-CC1B-44D2-BD8B-D4F4784F6B28}.Debug|Any CPU.Build.0 = Debug|Any CPU
		{9130A32B-CC1B-44D2-BD8B-D4F4784F6B28}.Debug|x64.ActiveCfg = Debug|x64
		{9130A32B-CC1B-44D2-BD8B-D4F4784F6B28}.Debug|x64.Build.0 = Debug|x64
		{9130A32B-CC1B-44D2-BD8B-D4F4784F6B28}.Release|Any CPU.ActiveCfg = Release|Any CPU
		{9130A32B-CC1B-44D2-BD8B-D4F4784F6B28}.Release|Any CPU.Build.0 = Release|Any CPU
		{9130A32B-CC1B-44D2-BD8B-D4F4784F6B28}.Release|x64.ActiveCfg = Release|x64
		{9130A32B-CC1B-44D2-BD8B-D4F4784F6B28}.Release|x64.Build.0 = Release|x64
	EndGlobalSection
	GlobalSection(SolutionProperties) = preSolution
		HideSolutionNode = FALSE
	EndGlobalSection
	GlobalSection(ExtensibilityGlobals) = postSolution
		SolutionGuid = {A25141E2-11CA-4096-8481-26E499AE4437}
	EndGlobalSection
EndGlobal
